
Microsoft Visual Studio Solution File, Format Version 12.00
# Visual Studio Version 17
VisualStudioVersion = 17.11.35431.28
MinimumVisualStudioVersion = 10.0.40219.1
Project("{2150E333-8FDC-42A3-9474-1A3956D46DE8}") = "Solution Items", "Solution Items", "{123C53B5-C1BF-4F4A-B8B2-8D08ECB58D2F}"
	ProjectSection(SolutionItems) = preProject
		.editorconfig = .editorconfig
		.gitignore = .gitignore
		database.Dockerfile = database.Dockerfile
		docker-compose.yml = docker-compose.yml
	EndProjectSection
EndProject
Project("{FAE04EC0-301F-11D3-BF4B-00C04F79EFBC}") = "Model", "Model\Model.csproj", "{2403EFCF-A927-4A84-AEA0-C800DE64ABBD}"
EndProject
Project("{FAE04EC0-301F-11D3-BF4B-00C04F79EFBC}") = "Tests", "Tests\Tests.csproj", "{47EF95D6-1CD7-4691-9583-681DDA579186}"
EndProject
Project("{FAE04EC0-301F-11D3-BF4B-00C04F79EFBC}") = "AbstractWrappers", "AbstractWrappers\AbstractWrappers.csproj", "{97E52921-BAAD-4D16-8601-03AE4634E7D3}"
EndProject
Project("{FAE04EC0-301F-11D3-BF4B-00C04F79EFBC}") = "DapperWrappers", "DapperWrappers\DapperWrappers.csproj", "{AD61E702-D223-40BC-9C08-76CC462A2186}"
EndProject
Project("{FAE04EC0-301F-11D3-BF4B-00C04F79EFBC}") = "NHibernateWrappers", "NHibernateWrappers\NHibernateWrappers.csproj", "{FCD84546-7796-4D57-A329-7BFAB923AE5D}"
EndProject
Project("{FAE04EC0-301F-11D3-BF4B-00C04F79EFBC}") = "ORMConvertorAPI", "ORMConvertorAPI\ORMConvertorAPI.csproj", "{047B000E-CB2D-4BFB-B563-493829A04BAA}"
EndProject
Project("{FAE04EC0-301F-11D3-BF4B-00C04F79EFBC}") = "EFCoreWrappers", "EFCoreWrappers\EFCoreWrappers.csproj", "{08A43EC3-709F-434C-90E7-79FF16B5A5CA}"
EndProject
Project("{FAE04EC0-301F-11D3-BF4B-00C04F79EFBC}") = "SampleData", "SampleData\SampleData.csproj", "{90AEA2D6-5267-430F-B8A1-9B792C27D532}"
EndProject
Project("{FAE04EC0-301F-11D3-BF4B-00C04F79EFBC}") = "Common", "Common\Common.csproj", "{E3DDF293-4678-4CD6-8BC7-E6F73366E8C0}"
EndProject
Project("{FAE04EC0-301F-11D3-BF4B-00C04F79EFBC}") = "OrmConvertor", "OrmConvertor\OrmConvertor.csproj", "{7AEE27B4-01E6-4BF8-9C6D-CCED76A204F5}"
EndProject
Project("{2150E333-8FDC-42A3-9474-1A3956D46DE8}") = "ConcreteWrappers", "ConcreteWrappers", "{02EA681E-C7D8-13C7-8484-4AC65E1B71E8}"
EndProject
Project("{FAE04EC0-301F-11D3-BF4B-00C04F79EFBC}") = "Advisor", "Advisor\Advisor.csproj", "{70E2D950-93F9-4A8F-9C32-36CE8B188D09}"
EndProject
Global
	GlobalSection(SolutionConfigurationPlatforms) = preSolution
		Debug|Any CPU = Debug|Any CPU
		Release|Any CPU = Release|Any CPU
	EndGlobalSection
	GlobalSection(ProjectConfigurationPlatforms) = postSolution
		{2403EFCF-A927-4A84-AEA0-C800DE64ABBD}.Debug|Any CPU.ActiveCfg = Debug|Any CPU
		{2403EFCF-A927-4A84-AEA0-C800DE64ABBD}.Debug|Any CPU.Build.0 = Debug|Any CPU
		{2403EFCF-A927-4A84-AEA0-C800DE64ABBD}.Release|Any CPU.ActiveCfg = Release|Any CPU
		{2403EFCF-A927-4A84-AEA0-C800DE64ABBD}.Release|Any CPU.Build.0 = Release|Any CPU
		{47EF95D6-1CD7-4691-9583-681DDA579186}.Debug|Any CPU.ActiveCfg = Debug|Any CPU
		{47EF95D6-1CD7-4691-9583-681DDA579186}.Debug|Any CPU.Build.0 = Debug|Any CPU
		{47EF95D6-1CD7-4691-9583-681DDA579186}.Release|Any CPU.ActiveCfg = Release|Any CPU
		{47EF95D6-1CD7-4691-9583-681DDA579186}.Release|Any CPU.Build.0 = Release|Any CPU
		{97E52921-BAAD-4D16-8601-03AE4634E7D3}.Debug|Any CPU.ActiveCfg = Debug|Any CPU
		{97E52921-BAAD-4D16-8601-03AE4634E7D3}.Debug|Any CPU.Build.0 = Debug|Any CPU
		{97E52921-BAAD-4D16-8601-03AE4634E7D3}.Release|Any CPU.ActiveCfg = Release|Any CPU
		{97E52921-BAAD-4D16-8601-03AE4634E7D3}.Release|Any CPU.Build.0 = Release|Any CPU
		{AD61E702-D223-40BC-9C08-76CC462A2186}.Debug|Any CPU.ActiveCfg = Debug|Any CPU
		{AD61E702-D223-40BC-9C08-76CC462A2186}.Debug|Any CPU.Build.0 = Debug|Any CPU
		{AD61E702-D223-40BC-9C08-76CC462A2186}.Release|Any CPU.ActiveCfg = Release|Any CPU
		{AD61E702-D223-40BC-9C08-76CC462A2186}.Release|Any CPU.Build.0 = Release|Any CPU
		{FCD84546-7796-4D57-A329-7BFAB923AE5D}.Debug|Any CPU.ActiveCfg = Debug|Any CPU
		{FCD84546-7796-4D57-A329-7BFAB923AE5D}.Debug|Any CPU.Build.0 = Debug|Any CPU
		{FCD84546-7796-4D57-A329-7BFAB923AE5D}.Release|Any CPU.ActiveCfg = Release|Any CPU
		{FCD84546-7796-4D57-A329-7BFAB923AE5D}.Release|Any CPU.Build.0 = Release|Any CPU
		{047B000E-CB2D-4BFB-B563-493829A04BAA}.Debug|Any CPU.ActiveCfg = Debug|Any CPU
		{047B000E-CB2D-4BFB-B563-493829A04BAA}.Debug|Any CPU.Build.0 = Debug|Any CPU
		{047B000E-CB2D-4BFB-B563-493829A04BAA}.Release|Any CPU.ActiveCfg = Release|Any CPU
		{047B000E-CB2D-4BFB-B563-493829A04BAA}.Release|Any CPU.Build.0 = Release|Any CPU
		{08A43EC3-709F-434C-90E7-79FF16B5A5CA}.Debug|Any CPU.ActiveCfg = Debug|Any CPU
		{08A43EC3-709F-434C-90E7-79FF16B5A5CA}.Debug|Any CPU.Build.0 = Debug|Any CPU
		{08A43EC3-709F-434C-90E7-79FF16B5A5CA}.Release|Any CPU.ActiveCfg = Release|Any CPU
		{08A43EC3-709F-434C-90E7-79FF16B5A5CA}.Release|Any CPU.Build.0 = Release|Any CPU
		{90AEA2D6-5267-430F-B8A1-9B792C27D532}.Debug|Any CPU.ActiveCfg = Debug|Any CPU
		{90AEA2D6-5267-430F-B8A1-9B792C27D532}.Debug|Any CPU.Build.0 = Debug|Any CPU
		{90AEA2D6-5267-430F-B8A1-9B792C27D532}.Release|Any CPU.ActiveCfg = Release|Any CPU
		{90AEA2D6-5267-430F-B8A1-9B792C27D532}.Release|Any CPU.Build.0 = Release|Any CPU
		{E3DDF293-4678-4CD6-8BC7-E6F73366E8C0}.Debug|Any CPU.ActiveCfg = Debug|Any CPU
		{E3DDF293-4678-4CD6-8BC7-E6F73366E8C0}.Debug|Any CPU.Build.0 = Debug|Any CPU
		{E3DDF293-4678-4CD6-8BC7-E6F73366E8C0}.Release|Any CPU.ActiveCfg = Release|Any CPU
		{E3DDF293-4678-4CD6-8BC7-E6F73366E8C0}.Release|Any CPU.Build.0 = Release|Any CPU
		{7AEE27B4-01E6-4BF8-9C6D-CCED76A204F5}.Debug|Any CPU.ActiveCfg = Debug|Any CPU
		{7AEE27B4-01E6-4BF8-9C6D-CCED76A204F5}.Debug|Any CPU.Build.0 = Debug|Any CPU
		{7AEE27B4-01E6-4BF8-9C6D-CCED76A204F5}.Release|Any CPU.ActiveCfg = Release|Any CPU
		{7AEE27B4-01E6-4BF8-9C6D-CCED76A204F5}.Release|Any CPU.Build.0 = Release|Any CPU
		{70E2D950-93F9-4A8F-9C32-36CE8B188D09}.Debug|Any CPU.ActiveCfg = Debug|Any CPU
		{70E2D950-93F9-4A8F-9C32-36CE8B188D09}.Debug|Any CPU.Build.0 = Debug|Any CPU
		{70E2D950-93F9-4A8F-9C32-36CE8B188D09}.Release|Any CPU.ActiveCfg = Release|Any CPU
		{70E2D950-93F9-4A8F-9C32-36CE8B188D09}.Release|Any CPU.Build.0 = Release|Any CPU
	EndGlobalSection
	GlobalSection(SolutionProperties) = preSolution
		HideSolutionNode = FALSE
	EndGlobalSection
	GlobalSection(NestedProjects) = preSolution
		{AD61E702-D223-40BC-9C08-76CC462A2186} = {02EA681E-C7D8-13C7-8484-4AC65E1B71E8}
		{FCD84546-7796-4D57-A329-7BFAB923AE5D} = {02EA681E-C7D8-13C7-8484-4AC65E1B71E8}
		{08A43EC3-709F-434C-90E7-79FF16B5A5CA} = {02EA681E-C7D8-13C7-8484-4AC65E1B71E8}
	EndGlobalSection
	GlobalSection(ExtensibilityGlobals) = postSolution
		SolutionGuid = {56ED9B20-3053-4CE8-BC3C-289E557AA6AF}
	EndGlobalSection
EndGlobal
