
Microsoft Visual Studio Solution File, Format Version 12.00
# Visual Studio Version 17
VisualStudioVersion = 17.11.35312.102
MinimumVisualStudioVersion = 10.0.40219.1
Project("{2150E333-8FDC-42A3-9474-1A3956D46DE8}") = "Solution Items", "Solution Items", "{C9538BE4-152E-409B-A16D-7E31607CFE58}"
	ProjectSection(SolutionItems) = preProject
		.editorconfig = .editorconfig
	EndProjectSection
EndProject
Project("{9A19103F-16F7-4668-BE54-9A1E7A4F7556}") = "Common", "Common\Common.csproj", "{E3C22FB0-34BF-44E3-BD37-60CDF7A7717B}"
EndProject
Project("{9A19103F-16F7-4668-BE54-9A1E7A4F7556}") = "DapperFeatures", "DapperFeatures\DapperFeatures.csproj", "{28A1A724-3BB1-491C-8C40-8037E80BA56D}"
EndProject
Project("{9A19103F-16F7-4668-BE54-9A1E7A4F7556}") = "DapperPerformance", "DapperPerformance\DapperPerformance.csproj", "{17C81BA3-FC34-44EA-A42F-C792F0B76A34}"
EndProject
Project("{9A19103F-16F7-4668-BE54-9A1E7A4F7556}") = "DapperEntities", "DapperEntities\DapperEntities.csproj", "{7C09A40B-1539-4CCD-84FE-D8502AA4F31E}"
EndProject
Project("{2150E333-8FDC-42A3-9474-1A3956D46DE8}") = "Dapper", "Dapper", "{F01B8B6F-A5C6-4E96-BA8A-85BF8FF7A6B4}"
EndProject
Project("{2150E333-8FDC-42A3-9474-1A3956D46DE8}") = "PetaPoco", "PetaPoco", "{5A26C8B8-5D62-4F20-AF0B-D6678F3CCD05}"
EndProject
Project("{9A19103F-16F7-4668-BE54-9A1E7A4F7556}") = "PetaPocoEntities", "PetaPocoEntities\PetaPocoEntities.csproj", "{2CF83980-22FC-4EFE-B86A-7A1BBE2E5094}"
EndProject
Project("{9A19103F-16F7-4668-BE54-9A1E7A4F7556}") = "PetaPocoFeatures", "PetaPocoFeatures\PetaPocoFeatures.csproj", "{67AE7661-5DF7-436E-B34F-E617ADC600E4}"
EndProject
Project("{9A19103F-16F7-4668-BE54-9A1E7A4F7556}") = "PetaPocoPerformance", "PetaPocoPerformance\PetaPocoPerformance.csproj", "{70159433-1A44-40A1-91AB-627CC4E9CC44}"
EndProject
Project("{9A19103F-16F7-4668-BE54-9A1E7A4F7556}") = "BenchmarkMain", "BenchmarkMain\BenchmarkMain.csproj", "{A5DDE8EA-D556-4F22-A093-94704484057D}"
EndProject
Project("{2150E333-8FDC-42A3-9474-1A3956D46DE8}") = "EFCore", "EFCore", "{747B2139-2CC0-4647-A60D-6F9AD25A111C}"
EndProject
Project("{9A19103F-16F7-4668-BE54-9A1E7A4F7556}") = "EFCoreEntities", "EFCoreEntities\EFCoreEntities.csproj", "{5A430C02-8A0E-4728-BDB7-B910F4B51D02}"
EndProject
Project("{9A19103F-16F7-4668-BE54-9A1E7A4F7556}") = "EFCoreFeatures", "EFCoreFeatures\EFCoreFeatures.csproj", "{6AD122AD-D5C1-436C-827E-817DCF9F919D}"
EndProject
Project("{9A19103F-16F7-4668-BE54-9A1E7A4F7556}") = "EFCorePerformance", "EFCorePerformance\EFCorePerformance.csproj", "{685061B7-9962-4558-905A-2440820CDBB5}"
EndProject
Project("{2150E333-8FDC-42A3-9474-1A3956D46DE8}") = "EF6", "EF6", "{2BB1C3AF-3AF7-44F9-A0D9-486BEA4729E3}"
EndProject
Project("{FAE04EC0-301F-11D3-BF4B-00C04F79EFBC}") = "EF6Entities", "EF6Entities\EF6Entities.csproj", "{69317DD2-E07F-4F9C-B5D4-F0910AF8C17C}"
EndProject
Project("{FAE04EC0-301F-11D3-BF4B-00C04F79EFBC}") = "EF6Features", "EF6Features\EF6Features.csproj", "{DB303399-A9A6-4AF5-8AE9-39D1014F62EA}"
EndProject
Global
	GlobalSection(SolutionConfigurationPlatforms) = preSolution
		Debug|Any CPU = Debug|Any CPU
		Release|Any CPU = Release|Any CPU
	EndGlobalSection
	GlobalSection(ProjectConfigurationPlatforms) = postSolution
		{E3C22FB0-34BF-44E3-BD37-60CDF7A7717B}.Debug|Any CPU.ActiveCfg = Debug|Any CPU
		{E3C22FB0-34BF-44E3-BD37-60CDF7A7717B}.Debug|Any CPU.Build.0 = Debug|Any CPU
		{E3C22FB0-34BF-44E3-BD37-60CDF7A7717B}.Release|Any CPU.ActiveCfg = Release|Any CPU
		{E3C22FB0-34BF-44E3-BD37-60CDF7A7717B}.Release|Any CPU.Build.0 = Release|Any CPU
		{28A1A724-3BB1-491C-8C40-8037E80BA56D}.Debug|Any CPU.ActiveCfg = Debug|Any CPU
		{28A1A724-3BB1-491C-8C40-8037E80BA56D}.Debug|Any CPU.Build.0 = Debug|Any CPU
		{28A1A724-3BB1-491C-8C40-8037E80BA56D}.Release|Any CPU.ActiveCfg = Release|Any CPU
		{28A1A724-3BB1-491C-8C40-8037E80BA56D}.Release|Any CPU.Build.0 = Release|Any CPU
		{17C81BA3-FC34-44EA-A42F-C792F0B76A34}.Debug|Any CPU.ActiveCfg = Debug|Any CPU
		{17C81BA3-FC34-44EA-A42F-C792F0B76A34}.Debug|Any CPU.Build.0 = Debug|Any CPU
		{17C81BA3-FC34-44EA-A42F-C792F0B76A34}.Release|Any CPU.ActiveCfg = Release|Any CPU
		{17C81BA3-FC34-44EA-A42F-C792F0B76A34}.Release|Any CPU.Build.0 = Release|Any CPU
		{7C09A40B-1539-4CCD-84FE-D8502AA4F31E}.Debug|Any CPU.ActiveCfg = Debug|Any CPU
		{7C09A40B-1539-4CCD-84FE-D8502AA4F31E}.Debug|Any CPU.Build.0 = Debug|Any CPU
		{7C09A40B-1539-4CCD-84FE-D8502AA4F31E}.Release|Any CPU.ActiveCfg = Release|Any CPU
		{7C09A40B-1539-4CCD-84FE-D8502AA4F31E}.Release|Any CPU.Build.0 = Release|Any CPU
		{2CF83980-22FC-4EFE-B86A-7A1BBE2E5094}.Debug|Any CPU.ActiveCfg = Debug|Any CPU
		{2CF83980-22FC-4EFE-B86A-7A1BBE2E5094}.Debug|Any CPU.Build.0 = Debug|Any CPU
		{2CF83980-22FC-4EFE-B86A-7A1BBE2E5094}.Release|Any CPU.ActiveCfg = Release|Any CPU
		{2CF83980-22FC-4EFE-B86A-7A1BBE2E5094}.Release|Any CPU.Build.0 = Release|Any CPU
		{67AE7661-5DF7-436E-B34F-E617ADC600E4}.Debug|Any CPU.ActiveCfg = Debug|Any CPU
		{67AE7661-5DF7-436E-B34F-E617ADC600E4}.Debug|Any CPU.Build.0 = Debug|Any CPU
		{67AE7661-5DF7-436E-B34F-E617ADC600E4}.Release|Any CPU.ActiveCfg = Release|Any CPU
		{67AE7661-5DF7-436E-B34F-E617ADC600E4}.Release|Any CPU.Build.0 = Release|Any CPU
		{70159433-1A44-40A1-91AB-627CC4E9CC44}.Debug|Any CPU.ActiveCfg = Debug|Any CPU
		{70159433-1A44-40A1-91AB-627CC4E9CC44}.Debug|Any CPU.Build.0 = Debug|Any CPU
		{70159433-1A44-40A1-91AB-627CC4E9CC44}.Release|Any CPU.ActiveCfg = Release|Any CPU
		{70159433-1A44-40A1-91AB-627CC4E9CC44}.Release|Any CPU.Build.0 = Release|Any CPU
		{A5DDE8EA-D556-4F22-A093-94704484057D}.Debug|Any CPU.ActiveCfg = Debug|Any CPU
		{A5DDE8EA-D556-4F22-A093-94704484057D}.Debug|Any CPU.Build.0 = Debug|Any CPU
		{A5DDE8EA-D556-4F22-A093-94704484057D}.Release|Any CPU.ActiveCfg = Release|Any CPU
		{A5DDE8EA-D556-4F22-A093-94704484057D}.Release|Any CPU.Build.0 = Release|Any CPU
		{5A430C02-8A0E-4728-BDB7-B910F4B51D02}.Debug|Any CPU.ActiveCfg = Debug|Any CPU
		{5A430C02-8A0E-4728-BDB7-B910F4B51D02}.Debug|Any CPU.Build.0 = Debug|Any CPU
		{5A430C02-8A0E-4728-BDB7-B910F4B51D02}.Release|Any CPU.ActiveCfg = Release|Any CPU
		{5A430C02-8A0E-4728-BDB7-B910F4B51D02}.Release|Any CPU.Build.0 = Release|Any CPU
		{6AD122AD-D5C1-436C-827E-817DCF9F919D}.Debug|Any CPU.ActiveCfg = Debug|Any CPU
		{6AD122AD-D5C1-436C-827E-817DCF9F919D}.Debug|Any CPU.Build.0 = Debug|Any CPU
		{6AD122AD-D5C1-436C-827E-817DCF9F919D}.Release|Any CPU.ActiveCfg = Release|Any CPU
		{6AD122AD-D5C1-436C-827E-817DCF9F919D}.Release|Any CPU.Build.0 = Release|Any CPU
		{685061B7-9962-4558-905A-2440820CDBB5}.Debug|Any CPU.ActiveCfg = Debug|Any CPU
		{685061B7-9962-4558-905A-2440820CDBB5}.Debug|Any CPU.Build.0 = Debug|Any CPU
		{685061B7-9962-4558-905A-2440820CDBB5}.Release|Any CPU.ActiveCfg = Release|Any CPU
		{685061B7-9962-4558-905A-2440820CDBB5}.Release|Any CPU.Build.0 = Release|Any CPU
		{69317DD2-E07F-4F9C-B5D4-F0910AF8C17C}.Debug|Any CPU.ActiveCfg = Debug|Any CPU
		{69317DD2-E07F-4F9C-B5D4-F0910AF8C17C}.Debug|Any CPU.Build.0 = Debug|Any CPU
		{69317DD2-E07F-4F9C-B5D4-F0910AF8C17C}.Release|Any CPU.ActiveCfg = Release|Any CPU
		{69317DD2-E07F-4F9C-B5D4-F0910AF8C17C}.Release|Any CPU.Build.0 = Release|Any CPU
		{DB303399-A9A6-4AF5-8AE9-39D1014F62EA}.Debug|Any CPU.ActiveCfg = Debug|Any CPU
		{DB303399-A9A6-4AF5-8AE9-39D1014F62EA}.Debug|Any CPU.Build.0 = Debug|Any CPU
		{DB303399-A9A6-4AF5-8AE9-39D1014F62EA}.Release|Any CPU.ActiveCfg = Release|Any CPU
		{DB303399-A9A6-4AF5-8AE9-39D1014F62EA}.Release|Any CPU.Build.0 = Release|Any CPU
	EndGlobalSection
	GlobalSection(SolutionProperties) = preSolution
		HideSolutionNode = FALSE
	EndGlobalSection
	GlobalSection(NestedProjects) = preSolution
		{28A1A724-3BB1-491C-8C40-8037E80BA56D} = {F01B8B6F-A5C6-4E96-BA8A-85BF8FF7A6B4}
		{17C81BA3-FC34-44EA-A42F-C792F0B76A34} = {F01B8B6F-A5C6-4E96-BA8A-85BF8FF7A6B4}
		{7C09A40B-1539-4CCD-84FE-D8502AA4F31E} = {F01B8B6F-A5C6-4E96-BA8A-85BF8FF7A6B4}
		{2CF83980-22FC-4EFE-B86A-7A1BBE2E5094} = {5A26C8B8-5D62-4F20-AF0B-D6678F3CCD05}
		{67AE7661-5DF7-436E-B34F-E617ADC600E4} = {5A26C8B8-5D62-4F20-AF0B-D6678F3CCD05}
		{70159433-1A44-40A1-91AB-627CC4E9CC44} = {5A26C8B8-5D62-4F20-AF0B-D6678F3CCD05}
		{5A430C02-8A0E-4728-BDB7-B910F4B51D02} = {747B2139-2CC0-4647-A60D-6F9AD25A111C}
		{6AD122AD-D5C1-436C-827E-817DCF9F919D} = {747B2139-2CC0-4647-A60D-6F9AD25A111C}
		{685061B7-9962-4558-905A-2440820CDBB5} = {747B2139-2CC0-4647-A60D-6F9AD25A111C}
		{69317DD2-E07F-4F9C-B5D4-F0910AF8C17C} = {2BB1C3AF-3AF7-44F9-A0D9-486BEA4729E3}
		{DB303399-A9A6-4AF5-8AE9-39D1014F62EA} = {2BB1C3AF-3AF7-44F9-A0D9-486BEA4729E3}
	EndGlobalSection
	GlobalSection(ExtensibilityGlobals) = postSolution
		SolutionGuid = {520D1D73-0241-45DE-9CCB-98008FC47D3B}
	EndGlobalSection
EndGlobal
